// !$*UTF8*$!
{
	archiveVersion = 1;
	classes = {
	};
	objectVersion = 46;
	objects = {

/* Begin PBXAggregateTarget section */
		37F9D60314DFC7B100DA4B70 /* Stack Exchange Notifier DMG */ = {
			isa = PBXAggregateTarget;
			buildConfigurationList = 37F9D60414DFC7B100DA4B70 /* Build configuration list for PBXAggregateTarget "Stack Exchange Notifier DMG" */;
			buildPhases = (
				37F9D60714DFC7D800DA4B70 /* ShellScript */,
			);
			dependencies = (
			);
			name = "Stack Exchange Notifier DMG";
			productName = "Stack Exchange Notifier DMG";
		};
/* End PBXAggregateTarget section */

/* Begin PBXBuildFile section */
		37250416152F9D2100D5193A /* icon.icns in Resources */ = {isa = PBXBuildFile; fileRef = 37250415152F9D2100D5193A /* icon.icns */; };
		3735B1BD14D3CF94002B0428 /* Cocoa.framework in Frameworks */ = {isa = PBXBuildFile; fileRef = 3735B1BC14D3CF94002B0428 /* Cocoa.framework */; };
		3735B1C714D3CF94002B0428 /* InfoPlist.strings in Resources */ = {isa = PBXBuildFile; fileRef = 3735B1C514D3CF94002B0428 /* InfoPlist.strings */; };
		3735B1C914D3CF94002B0428 /* main.m in Sources */ = {isa = PBXBuildFile; fileRef = 3735B1C814D3CF94002B0428 /* main.m */; };
		3735B1D014D3CF95002B0428 /* Stack_Exchange_NotifierAppDelegate.m in Sources */ = {isa = PBXBuildFile; fileRef = 3735B1CF14D3CF95002B0428 /* Stack_Exchange_NotifierAppDelegate.m */; };
		3735B1D314D3CF95002B0428 /* MainMenu.xib in Resources */ = {isa = PBXBuildFile; fileRef = 3735B1D114D3CF95002B0428 /* MainMenu.xib */; };
		3735B1F214D4B57A002B0428 /* WebKit.framework in Frameworks */ = {isa = PBXBuildFile; fileRef = 3735B1F114D4B57A002B0428 /* WebKit.framework */; };
		3735B20D14D50BD6002B0428 /* NSObject+SBJson.m in Sources */ = {isa = PBXBuildFile; fileRef = 3735B1F514D50BD6002B0428 /* NSObject+SBJson.m */; };
		3735B20E14D50BD6002B0428 /* SBJsonParser.m in Sources */ = {isa = PBXBuildFile; fileRef = 3735B1F814D50BD6002B0428 /* SBJsonParser.m */; };
		3735B20F14D50BD6002B0428 /* SBJsonStreamParser.m in Sources */ = {isa = PBXBuildFile; fileRef = 3735B1FA14D50BD6002B0428 /* SBJsonStreamParser.m */; };
		3735B21014D50BD6002B0428 /* SBJsonStreamParserAccumulator.m in Sources */ = {isa = PBXBuildFile; fileRef = 3735B1FC14D50BD6002B0428 /* SBJsonStreamParserAccumulator.m */; };
		3735B21114D50BD6002B0428 /* SBJsonStreamParserAdapter.m in Sources */ = {isa = PBXBuildFile; fileRef = 3735B1FE14D50BD6002B0428 /* SBJsonStreamParserAdapter.m */; };
		3735B21214D50BD6002B0428 /* SBJsonStreamParserState.m in Sources */ = {isa = PBXBuildFile; fileRef = 3735B20014D50BD6002B0428 /* SBJsonStreamParserState.m */; };
		3735B21314D50BD6002B0428 /* SBJsonStreamWriter.m in Sources */ = {isa = PBXBuildFile; fileRef = 3735B20214D50BD6002B0428 /* SBJsonStreamWriter.m */; };
		3735B21414D50BD6002B0428 /* SBJsonStreamWriterAccumulator.m in Sources */ = {isa = PBXBuildFile; fileRef = 3735B20414D50BD6002B0428 /* SBJsonStreamWriterAccumulator.m */; };
		3735B21514D50BD6002B0428 /* SBJsonStreamWriterState.m in Sources */ = {isa = PBXBuildFile; fileRef = 3735B20614D50BD6002B0428 /* SBJsonStreamWriterState.m */; };
		3735B21614D50BD6002B0428 /* SBJsonTokeniser.m in Sources */ = {isa = PBXBuildFile; fileRef = 3735B20814D50BD6002B0428 /* SBJsonTokeniser.m */; };
		3735B21714D50BD6002B0428 /* SBJsonUTF8Stream.m in Sources */ = {isa = PBXBuildFile; fileRef = 3735B20A14D50BD6002B0428 /* SBJsonUTF8Stream.m */; };
		3735B21814D50BD6002B0428 /* SBJsonWriter.m in Sources */ = {isa = PBXBuildFile; fileRef = 3735B20C14D50BD6002B0428 /* SBJsonWriter.m */; };
		3735E9F716A5366E0036E6D5 /* senotifier_inactive_alt.png in Resources */ = {isa = PBXBuildFile; fileRef = 3735E9F416A5366E0036E6D5 /* senotifier_inactive_alt.png */; };
		3735E9F816A5366E0036E6D5 /* senotifier_inactive.png in Resources */ = {isa = PBXBuildFile; fileRef = 3735E9F516A5366E0036E6D5 /* senotifier_inactive.png */; };
		3735E9F916A5366E0036E6D5 /* senotifier.png in Resources */ = {isa = PBXBuildFile; fileRef = 3735E9F616A5366E0036E6D5 /* senotifier.png */; };
		3735EA0616A66CB30036E6D5 /* Sparkle.framework in Frameworks */ = {isa = PBXBuildFile; fileRef = 3735EA0516A66CB30036E6D5 /* Sparkle.framework */; };
		3735EA0716A66CE70036E6D5 /* Sparkle.framework in CopyFiles */ = {isa = PBXBuildFile; fileRef = 3735EA0516A66CB30036E6D5 /* Sparkle.framework */; };
		3735EA0916A692B10036E6D5 /* dsa_pub.pem in Resources */ = {isa = PBXBuildFile; fileRef = 3735EA0816A692B10036E6D5 /* dsa_pub.pem */; };
		37F54B5814FD4ECD003F4E0D /* Growl Registration Ticket.growlRegDict in Resources */ = {isa = PBXBuildFile; fileRef = 37F54B5714FD4ECD003F4E0D /* Growl Registration Ticket.growlRegDict */; };
		37F54B5A14FE9F70003F4E0D /* Growl.framework in Frameworks */ = {isa = PBXBuildFile; fileRef = 37F54B5914FE9F70003F4E0D /* Growl.framework */; };
		37F54B5B14FE9F8E003F4E0D /* Growl.framework in CopyFiles */ = {isa = PBXBuildFile; fileRef = 37F54B5914FE9F70003F4E0D /* Growl.framework */; };
		37F9D5FE14D5F39C00DA4B70 /* NSString+html.m in Sources */ = {isa = PBXBuildFile; fileRef = 37F9D5FD14D5F39C00DA4B70 /* NSString+html.m */; };
		37F9D60214DA7D2300DA4B70 /* Credits.html in Resources */ = {isa = PBXBuildFile; fileRef = 37F9D60114DA7D2300DA4B70 /* Credits.html */; };
		E56154221A23BCB200223132 /* senotifier_inactive_alt@2x.png in Resources */ = {isa = PBXBuildFile; fileRef = E561541F1A23BCB200223132 /* senotifier_inactive_alt@2x.png */; };
		E56154231A23BCB200223132 /* senotifier_inactive@2x.png in Resources */ = {isa = PBXBuildFile; fileRef = E56154201A23BCB200223132 /* senotifier_inactive@2x.png */; };
		E56154241A23BCB200223132 /* senotifier@2x.png in Resources */ = {isa = PBXBuildFile; fileRef = E56154211A23BCB200223132 /* senotifier@2x.png */; };
/* End PBXBuildFile section */

/* Begin PBXCopyFilesBuildPhase section */
		37F54B5514FCD8A2003F4E0D /* CopyFiles */ = {
			isa = PBXCopyFilesBuildPhase;
			buildActionMask = 2147483647;
			dstPath = "";
			dstSubfolderSpec = 10;
			files = (
				37F54B5B14FE9F8E003F4E0D /* Growl.framework in CopyFiles */,
				3735EA0716A66CE70036E6D5 /* Sparkle.framework in CopyFiles */,
			);
			runOnlyForDeploymentPostprocessing = 0;
		};
/* End PBXCopyFilesBuildPhase section */

/* Begin PBXFileReference section */
		37250415152F9D2100D5193A /* icon.icns */ = {isa = PBXFileReference; lastKnownFileType = image.icns; path = icon.icns; sourceTree = "<group>"; };
		3735B1B814D3CF94002B0428 /* Stack Exchange Notifier.app */ = {isa = PBXFileReference; explicitFileType = wrapper.application; includeInIndex = 0; path = "Stack Exchange Notifier.app"; sourceTree = BUILT_PRODUCTS_DIR; };
		3735B1BC14D3CF94002B0428 /* Cocoa.framework */ = {isa = PBXFileReference; lastKnownFileType = wrapper.framework; name = Cocoa.framework; path = System/Library/Frameworks/Cocoa.framework; sourceTree = SDKROOT; };
		3735B1BF14D3CF94002B0428 /* AppKit.framework */ = {isa = PBXFileReference; lastKnownFileType = wrapper.framework; name = AppKit.framework; path = System/Library/Frameworks/AppKit.framework; sourceTree = SDKROOT; };
		3735B1C014D3CF94002B0428 /* CoreData.framework */ = {isa = PBXFileReference; lastKnownFileType = wrapper.framework; name = CoreData.framework; path = System/Library/Frameworks/CoreData.framework; sourceTree = SDKROOT; };
		3735B1C114D3CF94002B0428 /* Foundation.framework */ = {isa = PBXFileReference; lastKnownFileType = wrapper.framework; name = Foundation.framework; path = System/Library/Frameworks/Foundation.framework; sourceTree = SDKROOT; };
		3735B1C414D3CF94002B0428 /* Stack Exchange Notifier-Info.plist */ = {isa = PBXFileReference; lastKnownFileType = text.plist.xml; path = "Stack Exchange Notifier-Info.plist"; sourceTree = "<group>"; };
		3735B1C614D3CF94002B0428 /* en */ = {isa = PBXFileReference; lastKnownFileType = text.plist.strings; name = en; path = en.lproj/InfoPlist.strings; sourceTree = "<group>"; };
		3735B1C814D3CF94002B0428 /* main.m */ = {isa = PBXFileReference; lastKnownFileType = sourcecode.c.objc; path = main.m; sourceTree = "<group>"; };
		3735B1CA14D3CF95002B0428 /* Stack Exchange Notifier-Prefix.pch */ = {isa = PBXFileReference; lastKnownFileType = sourcecode.c.h; path = "Stack Exchange Notifier-Prefix.pch"; sourceTree = "<group>"; };
		3735B1CE14D3CF95002B0428 /* Stack_Exchange_NotifierAppDelegate.h */ = {isa = PBXFileReference; lastKnownFileType = sourcecode.c.h; path = Stack_Exchange_NotifierAppDelegate.h; sourceTree = "<group>"; };
		3735B1CF14D3CF95002B0428 /* Stack_Exchange_NotifierAppDelegate.m */ = {isa = PBXFileReference; lastKnownFileType = sourcecode.c.objc; path = Stack_Exchange_NotifierAppDelegate.m; sourceTree = "<group>"; };
		3735B1D214D3CF95002B0428 /* en */ = {isa = PBXFileReference; lastKnownFileType = file.xib; name = en; path = en.lproj/MainMenu.xib; sourceTree = "<group>"; };
		3735B1DA14D3CF95002B0428 /* SenTestingKit.framework */ = {isa = PBXFileReference; lastKnownFileType = wrapper.framework; name = SenTestingKit.framework; path = Library/Frameworks/SenTestingKit.framework; sourceTree = DEVELOPER_DIR; };
		3735B1F114D4B57A002B0428 /* WebKit.framework */ = {isa = PBXFileReference; lastKnownFileType = wrapper.framework; name = WebKit.framework; path = System/Library/Frameworks/WebKit.framework; sourceTree = SDKROOT; };
		3735B1F414D50BD6002B0428 /* NSObject+SBJson.h */ = {isa = PBXFileReference; fileEncoding = 4; lastKnownFileType = sourcecode.c.h; path = "NSObject+SBJson.h"; sourceTree = "<group>"; };
		3735B1F514D50BD6002B0428 /* NSObject+SBJson.m */ = {isa = PBXFileReference; fileEncoding = 4; lastKnownFileType = sourcecode.c.objc; path = "NSObject+SBJson.m"; sourceTree = "<group>"; };
		3735B1F614D50BD6002B0428 /* SBJson.h */ = {isa = PBXFileReference; fileEncoding = 4; lastKnownFileType = sourcecode.c.h; path = SBJson.h; sourceTree = "<group>"; };
		3735B1F714D50BD6002B0428 /* SBJsonParser.h */ = {isa = PBXFileReference; fileEncoding = 4; lastKnownFileType = sourcecode.c.h; path = SBJsonParser.h; sourceTree = "<group>"; };
		3735B1F814D50BD6002B0428 /* SBJsonParser.m */ = {isa = PBXFileReference; fileEncoding = 4; lastKnownFileType = sourcecode.c.objc; path = SBJsonParser.m; sourceTree = "<group>"; };
		3735B1F914D50BD6002B0428 /* SBJsonStreamParser.h */ = {isa = PBXFileReference; fileEncoding = 4; lastKnownFileType = sourcecode.c.h; path = SBJsonStreamParser.h; sourceTree = "<group>"; };
		3735B1FA14D50BD6002B0428 /* SBJsonStreamParser.m */ = {isa = PBXFileReference; fileEncoding = 4; lastKnownFileType = sourcecode.c.objc; path = SBJsonStreamParser.m; sourceTree = "<group>"; };
		3735B1FB14D50BD6002B0428 /* SBJsonStreamParserAccumulator.h */ = {isa = PBXFileReference; fileEncoding = 4; lastKnownFileType = sourcecode.c.h; path = SBJsonStreamParserAccumulator.h; sourceTree = "<group>"; };
		3735B1FC14D50BD6002B0428 /* SBJsonStreamParserAccumulator.m */ = {isa = PBXFileReference; fileEncoding = 4; lastKnownFileType = sourcecode.c.objc; path = SBJsonStreamParserAccumulator.m; sourceTree = "<group>"; };
		3735B1FD14D50BD6002B0428 /* SBJsonStreamParserAdapter.h */ = {isa = PBXFileReference; fileEncoding = 4; lastKnownFileType = sourcecode.c.h; path = SBJsonStreamParserAdapter.h; sourceTree = "<group>"; };
		3735B1FE14D50BD6002B0428 /* SBJsonStreamParserAdapter.m */ = {isa = PBXFileReference; fileEncoding = 4; lastKnownFileType = sourcecode.c.objc; path = SBJsonStreamParserAdapter.m; sourceTree = "<group>"; };
		3735B1FF14D50BD6002B0428 /* SBJsonStreamParserState.h */ = {isa = PBXFileReference; fileEncoding = 4; lastKnownFileType = sourcecode.c.h; path = SBJsonStreamParserState.h; sourceTree = "<group>"; };
		3735B20014D50BD6002B0428 /* SBJsonStreamParserState.m */ = {isa = PBXFileReference; fileEncoding = 4; lastKnownFileType = sourcecode.c.objc; path = SBJsonStreamParserState.m; sourceTree = "<group>"; };
		3735B20114D50BD6002B0428 /* SBJsonStreamWriter.h */ = {isa = PBXFileReference; fileEncoding = 4; lastKnownFileType = sourcecode.c.h; path = SBJsonStreamWriter.h; sourceTree = "<group>"; };
		3735B20214D50BD6002B0428 /* SBJsonStreamWriter.m */ = {isa = PBXFileReference; fileEncoding = 4; lastKnownFileType = sourcecode.c.objc; path = SBJsonStreamWriter.m; sourceTree = "<group>"; };
		3735B20314D50BD6002B0428 /* SBJsonStreamWriterAccumulator.h */ = {isa = PBXFileReference; fileEncoding = 4; lastKnownFileType = sourcecode.c.h; path = SBJsonStreamWriterAccumulator.h; sourceTree = "<group>"; };
		3735B20414D50BD6002B0428 /* SBJsonStreamWriterAccumulator.m */ = {isa = PBXFileReference; fileEncoding = 4; lastKnownFileType = sourcecode.c.objc; path = SBJsonStreamWriterAccumulator.m; sourceTree = "<group>"; };
		3735B20514D50BD6002B0428 /* SBJsonStreamWriterState.h */ = {isa = PBXFileReference; fileEncoding = 4; lastKnownFileType = sourcecode.c.h; path = SBJsonStreamWriterState.h; sourceTree = "<group>"; };
		3735B20614D50BD6002B0428 /* SBJsonStreamWriterState.m */ = {isa = PBXFileReference; fileEncoding = 4; lastKnownFileType = sourcecode.c.objc; path = SBJsonStreamWriterState.m; sourceTree = "<group>"; };
		3735B20714D50BD6002B0428 /* SBJsonTokeniser.h */ = {isa = PBXFileReference; fileEncoding = 4; lastKnownFileType = sourcecode.c.h; path = SBJsonTokeniser.h; sourceTree = "<group>"; };
		3735B20814D50BD6002B0428 /* SBJsonTokeniser.m */ = {isa = PBXFileReference; fileEncoding = 4; lastKnownFileType = sourcecode.c.objc; path = SBJsonTokeniser.m; sourceTree = "<group>"; };
		3735B20914D50BD6002B0428 /* SBJsonUTF8Stream.h */ = {isa = PBXFileReference; fileEncoding = 4; lastKnownFileType = sourcecode.c.h; path = SBJsonUTF8Stream.h; sourceTree = "<group>"; };
		3735B20A14D50BD6002B0428 /* SBJsonUTF8Stream.m */ = {isa = PBXFileReference; fileEncoding = 4; lastKnownFileType = sourcecode.c.objc; path = SBJsonUTF8Stream.m; sourceTree = "<group>"; };
		3735B20B14D50BD6002B0428 /* SBJsonWriter.h */ = {isa = PBXFileReference; fileEncoding = 4; lastKnownFileType = sourcecode.c.h; path = SBJsonWriter.h; sourceTree = "<group>"; };
		3735B20C14D50BD6002B0428 /* SBJsonWriter.m */ = {isa = PBXFileReference; fileEncoding = 4; lastKnownFileType = sourcecode.c.objc; path = SBJsonWriter.m; sourceTree = "<group>"; };
		3735E9F416A5366E0036E6D5 /* senotifier_inactive_alt.png */ = {isa = PBXFileReference; lastKnownFileType = image.png; path = senotifier_inactive_alt.png; sourceTree = "<group>"; };
		3735E9F516A5366E0036E6D5 /* senotifier_inactive.png */ = {isa = PBXFileReference; lastKnownFileType = image.png; path = senotifier_inactive.png; sourceTree = "<group>"; };
		3735E9F616A5366E0036E6D5 /* senotifier.png */ = {isa = PBXFileReference; lastKnownFileType = image.png; path = senotifier.png; sourceTree = "<group>"; };
		3735EA0516A66CB30036E6D5 /* Sparkle.framework */ = {isa = PBXFileReference; lastKnownFileType = wrapper.framework; path = Sparkle.framework; sourceTree = "<group>"; };
		3735EA0816A692B10036E6D5 /* dsa_pub.pem */ = {isa = PBXFileReference; fileEncoding = 4; lastKnownFileType = text; path = dsa_pub.pem; sourceTree = "<group>"; };
		37F54B5714FD4ECD003F4E0D /* Growl Registration Ticket.growlRegDict */ = {isa = PBXFileReference; fileEncoding = 4; lastKnownFileType = text.xml; path = "Growl Registration Ticket.growlRegDict"; sourceTree = "<group>"; };
		37F54B5914FE9F70003F4E0D /* Growl.framework */ = {isa = PBXFileReference; lastKnownFileType = wrapper.framework; path = Growl.framework; sourceTree = "<group>"; };
		37F9D5FC14D5F39C00DA4B70 /* NSString+html.h */ = {isa = PBXFileReference; fileEncoding = 4; lastKnownFileType = sourcecode.c.h; path = "NSString+html.h"; sourceTree = "<group>"; };
		37F9D5FD14D5F39C00DA4B70 /* NSString+html.m */ = {isa = PBXFileReference; fileEncoding = 4; lastKnownFileType = sourcecode.c.objc; path = "NSString+html.m"; sourceTree = "<group>"; };
		37F9D60114DA7D2300DA4B70 /* Credits.html */ = {isa = PBXFileReference; fileEncoding = 4; lastKnownFileType = text.html; path = Credits.html; sourceTree = "<group>"; };
		E561541F1A23BCB200223132 /* senotifier_inactive_alt@2x.png */ = {isa = PBXFileReference; lastKnownFileType = image.png; path = "senotifier_inactive_alt@2x.png"; sourceTree = "<group>"; };
		E56154201A23BCB200223132 /* senotifier_inactive@2x.png */ = {isa = PBXFileReference; lastKnownFileType = image.png; path = "senotifier_inactive@2x.png"; sourceTree = "<group>"; };
		E56154211A23BCB200223132 /* senotifier@2x.png */ = {isa = PBXFileReference; lastKnownFileType = image.png; path = "senotifier@2x.png"; sourceTree = "<group>"; };
/* End PBXFileReference section */

/* Begin PBXFrameworksBuildPhase section */
		3735B1B514D3CF94002B0428 /* Frameworks */ = {
			isa = PBXFrameworksBuildPhase;
			buildActionMask = 2147483647;
			files = (
				3735B1F214D4B57A002B0428 /* WebKit.framework in Frameworks */,
				3735B1BD14D3CF94002B0428 /* Cocoa.framework in Frameworks */,
				37F54B5A14FE9F70003F4E0D /* Growl.framework in Frameworks */,
				3735EA0616A66CB30036E6D5 /* Sparkle.framework in Frameworks */,
			);
			runOnlyForDeploymentPostprocessing = 0;
		};
/* End PBXFrameworksBuildPhase section */

/* Begin PBXGroup section */
		3735B1AD14D3CF94002B0428 = {
			isa = PBXGroup;
			children = (
				3735B1C214D3CF94002B0428 /* Stack Exchange Notifier */,
				3735B1BB14D3CF94002B0428 /* Frameworks */,
				3735B1B914D3CF94002B0428 /* Products */,
			);
			sourceTree = "<group>";
		};
		3735B1B914D3CF94002B0428 /* Products */ = {
			isa = PBXGroup;
			children = (
				3735B1B814D3CF94002B0428 /* Stack Exchange Notifier.app */,
			);
			name = Products;
			sourceTree = "<group>";
		};
		3735B1BB14D3CF94002B0428 /* Frameworks */ = {
			isa = PBXGroup;
			children = (
				3735EA0516A66CB30036E6D5 /* Sparkle.framework */,
				37F54B5914FE9F70003F4E0D /* Growl.framework */,
				3735B1F114D4B57A002B0428 /* WebKit.framework */,
				3735B1BC14D3CF94002B0428 /* Cocoa.framework */,
				3735B1DA14D3CF95002B0428 /* SenTestingKit.framework */,
				3735B1BE14D3CF94002B0428 /* Other Frameworks */,
			);
			name = Frameworks;
			sourceTree = "<group>";
		};
		3735B1BE14D3CF94002B0428 /* Other Frameworks */ = {
			isa = PBXGroup;
			children = (
				3735B1BF14D3CF94002B0428 /* AppKit.framework */,
				3735B1C014D3CF94002B0428 /* CoreData.framework */,
				3735B1C114D3CF94002B0428 /* Foundation.framework */,
			);
			name = "Other Frameworks";
			sourceTree = "<group>";
		};
		3735B1C214D3CF94002B0428 /* Stack Exchange Notifier */ = {
			isa = PBXGroup;
			children = (
				3735B1F314D50BAE002B0428 /* SBJson */,
				3735B1CE14D3CF95002B0428 /* Stack_Exchange_NotifierAppDelegate.h */,
				E561541F1A23BCB200223132 /* senotifier_inactive_alt@2x.png */,
				E56154201A23BCB200223132 /* senotifier_inactive@2x.png */,
				E56154211A23BCB200223132 /* senotifier@2x.png */,
				3735B1CF14D3CF95002B0428 /* Stack_Exchange_NotifierAppDelegate.m */,
				37250415152F9D2100D5193A /* icon.icns */,
				37F9D5FC14D5F39C00DA4B70 /* NSString+html.h */,
				37F9D5FD14D5F39C00DA4B70 /* NSString+html.m */,
				3735B1D114D3CF95002B0428 /* MainMenu.xib */,
				3735E9F416A5366E0036E6D5 /* senotifier_inactive_alt.png */,
				3735E9F516A5366E0036E6D5 /* senotifier_inactive.png */,
				3735E9F616A5366E0036E6D5 /* senotifier.png */,
				3735B1C314D3CF94002B0428 /* Supporting Files */,
			);
			path = "Stack Exchange Notifier";
			sourceTree = "<group>";
		};
		3735B1C314D3CF94002B0428 /* Supporting Files */ = {
			isa = PBXGroup;
			children = (
				3735EA0816A692B10036E6D5 /* dsa_pub.pem */,
				3735B1C414D3CF94002B0428 /* Stack Exchange Notifier-Info.plist */,
				3735B1C514D3CF94002B0428 /* InfoPlist.strings */,
				3735B1C814D3CF94002B0428 /* main.m */,
				3735B1CA14D3CF95002B0428 /* Stack Exchange Notifier-Prefix.pch */,
				37F9D60114DA7D2300DA4B70 /* Credits.html */,
				37F54B5714FD4ECD003F4E0D /* Growl Registration Ticket.growlRegDict */,
			);
			name = "Supporting Files";
			sourceTree = "<group>";
		};
		3735B1F314D50BAE002B0428 /* SBJson */ = {
			isa = PBXGroup;
			children = (
				3735B1F414D50BD6002B0428 /* NSObject+SBJson.h */,
				3735B1F514D50BD6002B0428 /* NSObject+SBJson.m */,
				3735B1F614D50BD6002B0428 /* SBJson.h */,
				3735B1F714D50BD6002B0428 /* SBJsonParser.h */,
				3735B1F814D50BD6002B0428 /* SBJsonParser.m */,
				3735B1F914D50BD6002B0428 /* SBJsonStreamParser.h */,
				3735B1FA14D50BD6002B0428 /* SBJsonStreamParser.m */,
				3735B1FB14D50BD6002B0428 /* SBJsonStreamParserAccumulator.h */,
				3735B1FC14D50BD6002B0428 /* SBJsonStreamParserAccumulator.m */,
				3735B1FD14D50BD6002B0428 /* SBJsonStreamParserAdapter.h */,
				3735B1FE14D50BD6002B0428 /* SBJsonStreamParserAdapter.m */,
				3735B1FF14D50BD6002B0428 /* SBJsonStreamParserState.h */,
				3735B20014D50BD6002B0428 /* SBJsonStreamParserState.m */,
				3735B20114D50BD6002B0428 /* SBJsonStreamWriter.h */,
				3735B20214D50BD6002B0428 /* SBJsonStreamWriter.m */,
				3735B20314D50BD6002B0428 /* SBJsonStreamWriterAccumulator.h */,
				3735B20414D50BD6002B0428 /* SBJsonStreamWriterAccumulator.m */,
				3735B20514D50BD6002B0428 /* SBJsonStreamWriterState.h */,
				3735B20614D50BD6002B0428 /* SBJsonStreamWriterState.m */,
				3735B20714D50BD6002B0428 /* SBJsonTokeniser.h */,
				3735B20814D50BD6002B0428 /* SBJsonTokeniser.m */,
				3735B20914D50BD6002B0428 /* SBJsonUTF8Stream.h */,
				3735B20A14D50BD6002B0428 /* SBJsonUTF8Stream.m */,
				3735B20B14D50BD6002B0428 /* SBJsonWriter.h */,
				3735B20C14D50BD6002B0428 /* SBJsonWriter.m */,
			);
			name = SBJson;
			sourceTree = "<group>";
		};
/* End PBXGroup section */

/* Begin PBXNativeTarget section */
		3735B1B714D3CF94002B0428 /* Stack Exchange Notifier */ = {
			isa = PBXNativeTarget;
			buildConfigurationList = 3735B1EB14D3CF95002B0428 /* Build configuration list for PBXNativeTarget "Stack Exchange Notifier" */;
			buildPhases = (
				3735B1B414D3CF94002B0428 /* Sources */,
				3735B1B514D3CF94002B0428 /* Frameworks */,
				3735B1B614D3CF94002B0428 /* Resources */,
				37F54B5514FCD8A2003F4E0D /* CopyFiles */,
			);
			buildRules = (
			);
			dependencies = (
			);
			name = "Stack Exchange Notifier";
			productName = "Stack Exchange Notifier";
			productReference = 3735B1B814D3CF94002B0428 /* Stack Exchange Notifier.app */;
			productType = "com.apple.product-type.application";
		};
/* End PBXNativeTarget section */

/* Begin PBXProject section */
		3735B1AF14D3CF94002B0428 /* Project object */ = {
			isa = PBXProject;
			attributes = {
				LastUpgradeCheck = 0420;
			};
			buildConfigurationList = 3735B1B214D3CF94002B0428 /* Build configuration list for PBXProject "Stack Exchange Notifier" */;
			compatibilityVersion = "Xcode 3.2";
			developmentRegion = English;
			hasScannedForEncodings = 0;
			knownRegions = (
				en,
			);
			mainGroup = 3735B1AD14D3CF94002B0428;
			productRefGroup = 3735B1B914D3CF94002B0428 /* Products */;
			projectDirPath = "";
			projectRoot = "";
			targets = (
				3735B1B714D3CF94002B0428 /* Stack Exchange Notifier */,
				37F9D60314DFC7B100DA4B70 /* Stack Exchange Notifier DMG */,
			);
		};
/* End PBXProject section */

/* Begin PBXResourcesBuildPhase section */
		3735B1B614D3CF94002B0428 /* Resources */ = {
			isa = PBXResourcesBuildPhase;
			buildActionMask = 2147483647;
			files = (
				3735B1C714D3CF94002B0428 /* InfoPlist.strings in Resources */,
				3735B1D314D3CF95002B0428 /* MainMenu.xib in Resources */,
				37F9D60214DA7D2300DA4B70 /* Credits.html in Resources */,
				E56154231A23BCB200223132 /* senotifier_inactive@2x.png in Resources */,
				37F54B5814FD4ECD003F4E0D /* Growl Registration Ticket.growlRegDict in Resources */,
				37250416152F9D2100D5193A /* icon.icns in Resources */,
				3735E9F716A5366E0036E6D5 /* senotifier_inactive_alt.png in Resources */,
				3735E9F816A5366E0036E6D5 /* senotifier_inactive.png in Resources */,
				3735E9F916A5366E0036E6D5 /* senotifier.png in Resources */,
				3735EA0916A692B10036E6D5 /* dsa_pub.pem in Resources */,
				E56154241A23BCB200223132 /* senotifier@2x.png in Resources */,
				E56154221A23BCB200223132 /* senotifier_inactive_alt@2x.png in Resources */,
			);
			runOnlyForDeploymentPostprocessing = 0;
		};
/* End PBXResourcesBuildPhase section */

/* Begin PBXShellScriptBuildPhase section */
		37F9D60714DFC7D800DA4B70 /* ShellScript */ = {
			isa = PBXShellScriptBuildPhase;
			buildActionMask = 2147483647;
			files = (
			);
			inputPaths = (
			);
			outputPaths = (
			);
			runOnlyForDeploymentPostprocessing = 0;
			shellPath = /bin/sh;
			shellScript = "set -e\n\ndmg=\"$BUILT_PRODUCTS_DIR/`echo $PROJECT_NAME | tr A-Z' ' a-z-`.dmg\"\nrm $dmg\nhdiutil create -srcfolder \"$BUILT_PRODUCTS_DIR/$PROJECT_NAME.app\" $dmg\ncp $dmg ~/docs/hewgill.com/senotifier/";
		};
/* End PBXShellScriptBuildPhase section */

/* Begin PBXSourcesBuildPhase section */
		3735B1B414D3CF94002B0428 /* Sources */ = {
			isa = PBXSourcesBuildPhase;
			buildActionMask = 2147483647;
			files = (
				3735B1C914D3CF94002B0428 /* main.m in Sources */,
				3735B1D014D3CF95002B0428 /* Stack_Exchange_NotifierAppDelegate.m in Sources */,
				3735B20D14D50BD6002B0428 /* NSObject+SBJson.m in Sources */,
				3735B20E14D50BD6002B0428 /* SBJsonParser.m in Sources */,
				3735B20F14D50BD6002B0428 /* SBJsonStreamParser.m in Sources */,
				3735B21014D50BD6002B0428 /* SBJsonStreamParserAccumulator.m in Sources */,
				3735B21114D50BD6002B0428 /* SBJsonStreamParserAdapter.m in Sources */,
				3735B21214D50BD6002B0428 /* SBJsonStreamParserState.m in Sources */,
				3735B21314D50BD6002B0428 /* SBJsonStreamWriter.m in Sources */,
				3735B21414D50BD6002B0428 /* SBJsonStreamWriterAccumulator.m in Sources */,
				3735B21514D50BD6002B0428 /* SBJsonStreamWriterState.m in Sources */,
				3735B21614D50BD6002B0428 /* SBJsonTokeniser.m in Sources */,
				3735B21714D50BD6002B0428 /* SBJsonUTF8Stream.m in Sources */,
				3735B21814D50BD6002B0428 /* SBJsonWriter.m in Sources */,
				37F9D5FE14D5F39C00DA4B70 /* NSString+html.m in Sources */,
			);
			runOnlyForDeploymentPostprocessing = 0;
		};
/* End PBXSourcesBuildPhase section */

/* Begin PBXVariantGroup section */
		3735B1C514D3CF94002B0428 /* InfoPlist.strings */ = {
			isa = PBXVariantGroup;
			children = (
				3735B1C614D3CF94002B0428 /* en */,
			);
			name = InfoPlist.strings;
			sourceTree = "<group>";
		};
		3735B1D114D3CF95002B0428 /* MainMenu.xib */ = {
			isa = PBXVariantGroup;
			children = (
				3735B1D214D3CF95002B0428 /* en */,
			);
			name = MainMenu.xib;
			sourceTree = "<group>";
		};
/* End PBXVariantGroup section */

/* Begin XCBuildConfiguration section */
		3735B1E914D3CF95002B0428 /* Debug */ = {
			isa = XCBuildConfiguration;
			buildSettings = {
				ALWAYS_SEARCH_USER_PATHS = NO;
				ARCHS = "$(ARCHS_STANDARD_64_BIT)";
				COPY_PHASE_STRIP = NO;
				GCC_C_LANGUAGE_STANDARD = gnu99;
				GCC_DYNAMIC_NO_PIC = NO;
				GCC_ENABLE_OBJC_EXCEPTIONS = YES;
				GCC_OPTIMIZATION_LEVEL = 0;
				GCC_PREPROCESSOR_DEFINITIONS = (
					"DEBUG=1",
					"$(inherited)",
				);
				GCC_SYMBOLS_PRIVATE_EXTERN = NO;
				GCC_VERSION = com.apple.compilers.llvm.clang.1_0;
				GCC_WARN_64_TO_32_BIT_CONVERSION = YES;
				GCC_WARN_ABOUT_MISSING_PROTOTYPES = YES;
				GCC_WARN_ABOUT_RETURN_TYPE = YES;
				GCC_WARN_UNUSED_VARIABLE = YES;
				MACOSX_DEPLOYMENT_TARGET = 10.6;
				ONLY_ACTIVE_ARCH = YES;
				SDKROOT = macosx;
			};
			name = Debug;
		};
		3735B1EA14D3CF95002B0428 /* Release */ = {
			isa = XCBuildConfiguration;
			buildSettings = {
				ALWAYS_SEARCH_USER_PATHS = NO;
				ARCHS = "$(ARCHS_STANDARD_64_BIT)";
				COPY_PHASE_STRIP = YES;
				DEBUG_INFORMATION_FORMAT = "dwarf-with-dsym";
				GCC_C_LANGUAGE_STANDARD = gnu99;
				GCC_ENABLE_OBJC_EXCEPTIONS = YES;
				GCC_VERSION = com.apple.compilers.llvm.clang.1_0;
				GCC_WARN_64_TO_32_BIT_CONVERSION = YES;
				GCC_WARN_ABOUT_MISSING_PROTOTYPES = YES;
				GCC_WARN_ABOUT_RETURN_TYPE = YES;
				GCC_WARN_UNUSED_VARIABLE = YES;
				MACOSX_DEPLOYMENT_TARGET = 10.6;
				SDKROOT = macosx;
			};
			name = Release;
		};
		3735B1EC14D3CF95002B0428 /* Debug */ = {
			isa = XCBuildConfiguration;
			buildSettings = {
				CLANG_ENABLE_OBJC_ARC = YES;
				FRAMEWORK_SEARCH_PATHS = (
					"$(inherited)",
					"\"$(SRCROOT)/Stack Exchange Notifier\"",
					"\"$(SRCROOT)\"",
					"\"$(SRCROOT)/sparkle\"",
				);
				GCC_PRECOMPILE_PREFIX_HEADER = YES;
				GCC_PREFIX_HEADER = "Stack Exchange Notifier/Stack Exchange Notifier-Prefix.pch";
				INFOPLIST_FILE = "Stack Exchange Notifier/Stack Exchange Notifier-Info.plist";
				MACOSX_DEPLOYMENT_TARGET = 10.6;
				PRODUCT_NAME = "$(TARGET_NAME)";
				SDKROOT = macosx;
				WRAPPER_EXTENSION = app;
			};
			name = Debug;
		};
		3735B1ED14D3CF95002B0428 /* Release */ = {
			isa = XCBuildConfiguration;
			buildSettings = {
				CLANG_ENABLE_OBJC_ARC = YES;
				FRAMEWORK_SEARCH_PATHS = (
					"$(inherited)",
					"\"$(SRCROOT)/Stack Exchange Notifier\"",
					"\"$(SRCROOT)\"",
					"\"$(SRCROOT)/sparkle\"",
				);
				GCC_PRECOMPILE_PREFIX_HEADER = YES;
				GCC_PREFIX_HEADER = "Stack Exchange Notifier/Stack Exchange Notifier-Prefix.pch";
				INFOPLIST_FILE = "Stack Exchange Notifier/Stack Exchange Notifier-Info.plist";
				MACOSX_DEPLOYMENT_TARGET = 10.6;
				PRODUCT_NAME = "$(TARGET_NAME)";
				SDKROOT = macosx;
				WRAPPER_EXTENSION = app;
			};
			name = Release;
		};
		37F9D60514DFC7B100DA4B70 /* Debug */ = {
			isa = XCBuildConfiguration;
			buildSettings = {
				PRODUCT_NAME = "$(TARGET_NAME)";
			};
			name = Debug;
		};
		37F9D60614DFC7B100DA4B70 /* Release */ = {
			isa = XCBuildConfiguration;
			buildSettings = {
				PRODUCT_NAME = "$(TARGET_NAME)";
			};
			name = Release;
		};
/* End XCBuildConfiguration section */

/* Begin XCConfigurationList section */
		3735B1B214D3CF94002B0428 /* Build configuration list for PBXProject "Stack Exchange Notifier" */ = {
			isa = XCConfigurationList;
			buildConfigurations = (
				3735B1E914D3CF95002B0428 /* Debug */,
				3735B1EA14D3CF95002B0428 /* Release */,
			);
			defaultConfigurationIsVisible = 0;
			defaultConfigurationName = Release;
		};
		3735B1EB14D3CF95002B0428 /* Build configuration list for PBXNativeTarget "Stack Exchange Notifier" */ = {
			isa = XCConfigurationList;
			buildConfigurations = (
				3735B1EC14D3CF95002B0428 /* Debug */,
				3735B1ED14D3CF95002B0428 /* Release */,
			);
			defaultConfigurationIsVisible = 0;
			defaultConfigurationName = Release;
		};
		37F9D60414DFC7B100DA4B70 /* Build configuration list for PBXAggregateTarget "Stack Exchange Notifier DMG" */ = {
			isa = XCConfigurationList;
			buildConfigurations = (
				37F9D60514DFC7B100DA4B70 /* Debug */,
				37F9D60614DFC7B100DA4B70 /* Release */,
			);
			defaultConfigurationIsVisible = 0;
			defaultConfigurationName = Release;
		};
/* End XCConfigurationList section */
	};
	rootObject = 3735B1AF14D3CF94002B0428 /* Project object */;
}
